
Microsoft Visual Studio Solution File, Format Version 12.00
# Visual Studio Version 17
VisualStudioVersion = 17.5.002.0
MinimumVisualStudioVersion = 10.0.40219.1
Project("{9A19103F-16F7-4668-BE54-9A1E7A4F7556}") = "TaskManager", "TaskManager.csproj", "{BBF29A4C-EE32-4C6A-AB81-4701DE487B54}"
EndProject
Global
	GlobalSection(SolutionConfigurationPlatforms) = preSolution
		Debug|Any CPU = Debug|Any CPU
		Release|Any CPU = Release|Any CPU
	EndGlobalSection
	GlobalSection(ProjectConfigurationPlatforms) = postSolution
		{BBF29A4C-EE32-4C6A-AB81-4701DE487B54}.Debug|Any CPU.ActiveCfg = Debug|Any CPU
		{BBF29A4C-EE32-4C6A-AB81-4701DE487B54}.Debug|Any CPU.Build.0 = Debug|Any CPU
		{BBF29A4C-EE32-4C6A-AB81-4701DE487B54}.Release|Any CPU.ActiveCfg = Release|Any CPU
		{BBF29A4C-EE32-4C6A-AB81-4701DE487B54}.Release|Any CPU.Build.0 = Release|Any CPU
	EndGlobalSection
	GlobalSection(SolutionProperties) = preSolution
		HideSolutionNode = FALSE
	EndGlobalSection
	GlobalSection(ExtensibilityGlobals) = postSolution
		SolutionGuid = {CFB8DCD9-A3DA-4C8C-A110-69052585CA34}
	EndGlobalSection
EndGlobal
